PODS:
  - Alamofire (5.1.0)
  - FSCalendar (2.8.1)

DEPENDENCIES:
  - Alamofire (~> 5.1)
  - FSCalendar

SPEC REPOS:
  trunk:
    - Alamofire
    - FSCalendar

SPEC CHECKSUMS:
  Alamofire: 9d5c5f602928e512395b30950c5984eca840093c
  FSCalendar: 5245140456fcbcac5824c203b98bd8068bdfee1a

PODFILE CHECKSUM: 09630a4655ee6448c5dadf443f62451bd6011816

COCOAPODS: 1.9.1
